
Microsoft Visual Studio Solution File, Format Version 12.00
# Visual Studio Version 17
VisualStudioVersion = 17.9.34728.123
MinimumVisualStudioVersion = 10.0.40219.1
Project("{FAE04EC0-301F-11D3-BF4B-00C04F79EFBC}") = "AT1.4-webdotnet", "AT1.4-webdotnet\AT1.4-webdotnet.csproj", "{BD20A6E4-0CD4-44E2-A1D6-8DADBABACAD1}"
EndProject
Global
	GlobalSection(SolutionConfigurationPlatforms) = preSolution
		Debug|Any CPU = Debug|Any CPU
		Release|Any CPU = Release|Any CPU
	EndGlobalSection
	GlobalSection(ProjectConfigurationPlatforms) = postSolution
		{BD20A6E4-0CD4-44E2-A1D6-8DADBABACAD1}.Debug|Any CPU.ActiveCfg = Debug|Any CPU
		{BD20A6E4-0CD4-44E2-A1D6-8DADBABACAD1}.Debug|Any CPU.Build.0 = Debug|Any CPU
		{BD20A6E4-0CD4-44E2-A1D6-8DADBABACAD1}.Release|Any CPU.ActiveCfg = Release|Any CPU
		{BD20A6E4-0CD4-44E2-A1D6-8DADBABACAD1}.Release|Any CPU.Build.0 = Release|Any CPU
	EndGlobalSection
	GlobalSection(SolutionProperties) = preSolution
		HideSolutionNode = FALSE
	EndGlobalSection
	GlobalSection(ExtensibilityGlobals) = postSolution
		SolutionGuid = {83800F8C-5712-46B4-AA9B-5C958A8A8669}
	EndGlobalSection
EndGlobal
